
Microsoft Visual Studio Solution File, Format Version 12.00
# Visual Studio 14
VisualStudioVersion = 14.0.23107.0
MinimumVisualStudioVersion = 10.0.40219.1
Project("{FAE04EC0-301F-11D3-BF4B-00C04F79EFBC}") = "QRBa", "QRBa\QRBa.csproj", "{FE79F74F-8276-423B-97CC-409658554368}"
EndProject
Project("{FAE04EC0-301F-11D3-BF4B-00C04F79EFBC}") = "QRBa.Tests", "QRBa.Tests\QRBa.Tests.csproj", "{3360A28E-00C6-4929-8452-F5F2C0AB5C22}"
EndProject
Project("{FAE04EC0-301F-11D3-BF4B-00C04F79EFBC}") = "QRBa.Domain", "QRBa.Domain\QRBa.Domain.csproj", "{93362F6D-BC81-4DD9-8BDD-FD3DB7E606B1}"
EndProject
Project("{FAE04EC0-301F-11D3-BF4B-00C04F79EFBC}") = "QRBa.Interface", "QRBa.Interface\QRBa.Interface.csproj", "{FFCAAE26-EDC5-450D-BFFC-4144B18FDB49}"
EndProject
Global
	GlobalSection(SolutionConfigurationPlatforms) = preSolution
		Debug|Any CPU = Debug|Any CPU
		Release|Any CPU = Release|Any CPU
	EndGlobalSection
	GlobalSection(ProjectConfigurationPlatforms) = postSolution
		{FE79F74F-8276-423B-97CC-409658554368}.Debug|Any CPU.ActiveCfg = Debug|Any CPU
		{FE79F74F-8276-423B-97CC-409658554368}.Debug|Any CPU.Build.0 = Debug|Any CPU
		{FE79F74F-8276-423B-97CC-409658554368}.Release|Any CPU.ActiveCfg = Release|Any CPU
		{FE79F74F-8276-423B-97CC-409658554368}.Release|Any CPU.Build.0 = Release|Any CPU
		{3360A28E-00C6-4929-8452-F5F2C0AB5C22}.Debug|Any CPU.ActiveCfg = Debug|Any CPU
		{3360A28E-00C6-4929-8452-F5F2C0AB5C22}.Debug|Any CPU.Build.0 = Debug|Any CPU
		{3360A28E-00C6-4929-8452-F5F2C0AB5C22}.Release|Any CPU.ActiveCfg = Release|Any CPU
		{3360A28E-00C6-4929-8452-F5F2C0AB5C22}.Release|Any CPU.Build.0 = Release|Any CPU
		{93362F6D-BC81-4DD9-8BDD-FD3DB7E606B1}.Debug|Any CPU.ActiveCfg = Debug|Any CPU
		{93362F6D-BC81-4DD9-8BDD-FD3DB7E606B1}.Debug|Any CPU.Build.0 = Debug|Any CPU
		{93362F6D-BC81-4DD9-8BDD-FD3DB7E606B1}.Release|Any CPU.ActiveCfg = Release|Any CPU
		{93362F6D-BC81-4DD9-8BDD-FD3DB7E606B1}.Release|Any CPU.Build.0 = Release|Any CPU
		{FFCAAE26-EDC5-450D-BFFC-4144B18FDB49}.Debug|Any CPU.ActiveCfg = Debug|Any CPU
		{FFCAAE26-EDC5-450D-BFFC-4144B18FDB49}.Debug|Any CPU.Build.0 = Debug|Any CPU
		{FFCAAE26-EDC5-450D-BFFC-4144B18FDB49}.Release|Any CPU.ActiveCfg = Release|Any CPU
		{FFCAAE26-EDC5-450D-BFFC-4144B18FDB49}.Release|Any CPU.Build.0 = Release|Any CPU
	EndGlobalSection
	GlobalSection(SolutionProperties) = preSolution
		HideSolutionNode = FALSE
	EndGlobalSection
EndGlobal
